# This file is generated by running "yarn install" inside your project.
# Manual changes might be lost - proceed with caution!

__metadata:
  version: 8
  cacheKey: 10c0

"@babel/runtime@npm:^7.7.6":
  version: 7.26.10
  resolution: "@babel/runtime@npm:7.26.10"
  dependencies:
    regenerator-runtime: "npm:^0.14.0"
  checksum: 10c0/6dc6d88c7908f505c4f7770fb4677dfa61f68f659b943c2be1f2a99cb6680343462867abf2d49822adc435932919b36c77ac60125793e719ea8745f2073d3745
  languageName: node
  linkType: hard

"@reduxjs/toolkit@npm:^2.6.1":
  version: 2.6.1
  resolution: "@reduxjs/toolkit@npm:2.6.1"
  dependencies:
    immer: "npm:^10.0.3"
    redux: "npm:^5.0.1"
    redux-thunk: "npm:^3.1.0"
    reselect: "npm:^5.1.0"
  peerDependencies:
    react: ^16.9.0 || ^17.0.0 || ^18 || ^19
    react-redux: ^7.2.1 || ^8.1.3 || ^9.0.0
  peerDependenciesMeta:
    react:
      optional: true
    react-redux:
      optional: true
  checksum: 10c0/6ae5db267f2b0a9da8b59080797c5adb1b92b50c0f2bdd933470206285d684b79ed2b1c4e2d7a0fb4aa9e3772d0e215fdcd3a8e4a4a2aac81400fcd790dbd6cd
  languageName: node
  linkType: hard

"@thoughtbot/candy_wrapper@npm:^0.0.3":
  version: 0.0.3
  resolution: "@thoughtbot/candy_wrapper@npm:0.0.3"
  peerDependencies:
    react: ^18 || ^19
  checksum: 10c0/93790ac9fcc315d3252e3fdafb15a62dfb7625a18f26f860433d0e10c9d513dac8cbdb5ba8a36e1ac0fea631117d033b4cdf86149569e34872749dadb0ba7873
  languageName: node
  linkType: hard

"@thoughtbot/superglue@npm:^1.0.1":
  version: 1.0.1
  resolution: "@thoughtbot/superglue@npm:1.0.1"
  dependencies:
    history: "npm:^5.3.0"
    url-parse: "npm:^1.5.1"
  peerDependencies:
    "@reduxjs/toolkit": ^2.2.8
    react: ^18 || ^19
    react-redux: ^9 || ^8
  checksum: 10c0/06c3fa2db3e2383f41ba1bc7016f6d292f19606a02d27c47f3b72938920d2cec17b6d08e80658e37f919213abca10fc8b35f7f77e5b7da6ce2dce1e378f40d5b
  languageName: node
  linkType: hard

"@types/node@npm:^22.13.10":
  version: 22.13.10
  resolution: "@types/node@npm:22.13.10"
  dependencies:
    undici-types: "npm:~6.20.0"
  checksum: 10c0/a3865f9503d6f718002374f7b87efaadfae62faa499c1a33b12c527cfb9fd86f733e1a1b026b80c5a0e4a965701174bc3305595a7d36078aa1abcf09daa5dee9
  languageName: node
  linkType: hard

"@types/react-dom@npm:^19.0.4":
  version: 19.0.4
  resolution: "@types/react-dom@npm:19.0.4"
  peerDependencies:
    "@types/react": ^19.0.0
  checksum: 10c0/4e71853919b94df9e746a4bd73f8180e9ae13016333ce9c543dcba9f4f4c8fe6e28b038ca6ee61c24e291af8e03ca3bc5ded17c46dee938fcb32d71186fda7a3
  languageName: node
  linkType: hard

"@types/react@npm:^19.0.10":
  version: 19.0.10
  resolution: "@types/react@npm:19.0.10"
  dependencies:
    csstype: "npm:^3.0.2"
  checksum: 10c0/41884cca21850c8b2d6578b172ca0ca4fff6021251a68532b19f2031ac23dc5a9222470208065f8d9985d367376047df2f49ece8d927f7d04cdc94922b1eb34b
  languageName: node
  linkType: hard

"@types/use-sync-external-store@npm:^0.0.6":
  version: 0.0.6
  resolution: "@types/use-sync-external-store@npm:0.0.6"
  checksum: 10c0/77c045a98f57488201f678b181cccd042279aff3da34540ad242f893acc52b358bd0a8207a321b8ac09adbcef36e3236944390e2df4fcedb556ce7bb2a88f2a8
  languageName: node
  linkType: hard

"app@workspace:.":
  version: 0.0.0-use.local
  resolution: "app@workspace:."
  dependencies:
    "@reduxjs/toolkit": "npm:^2.6.1"
    "@thoughtbot/candy_wrapper": "npm:^0.0.3"
    "@thoughtbot/superglue": "npm:^1.0.1"
    "@types/node": "npm:^22.13.10"
    "@types/react": "npm:^19.0.10"
    "@types/react-dom": "npm:^19.0.4"
    react: "npm:^19.0.0"
    react-dom: "npm:^19.0.0"
    react-redux: "npm:^9.2.0"
  languageName: unknown
  linkType: soft

"csstype@npm:^3.0.2":
  version: 3.1.3
  resolution: "csstype@npm:3.1.3"
  checksum: 10c0/80c089d6f7e0c5b2bd83cf0539ab41474198579584fa10d86d0cafe0642202343cbc119e076a0b1aece191989477081415d66c9fefbf3c957fc2fc4b7009f248
  languageName: node
  linkType: hard

"history@npm:^5.3.0":
  version: 5.3.0
  resolution: "history@npm:5.3.0"
  dependencies:
    "@babel/runtime": "npm:^7.7.6"
  checksum: 10c0/812ec839386222d6437bd78d9f05db32e47d105ada0ad8834b32626919dd2fee7a10001bc489510f93a8069d02f118214bd8d42a82f7cf9daf8e84fbcbbb2016
  languageName: node
  linkType: hard

"immer@npm:^10.0.3":
  version: 10.1.1
  resolution: "immer@npm:10.1.1"
  checksum: 10c0/b749e10d137ccae91788f41bd57e9387f32ea6d6ea8fd7eb47b23fd7766681575efc7f86ceef7fe24c3bc9d61e38ff5d2f49c2663b2b0c056e280a4510923653
  languageName: node
  linkType: hard

"querystringify@npm:^2.1.1":
  version: 2.2.0
  resolution: "querystringify@npm:2.2.0"
  checksum: 10c0/3258bc3dbdf322ff2663619afe5947c7926a6ef5fb78ad7d384602974c467fadfc8272af44f5eb8cddd0d011aae8fabf3a929a8eee4b86edcc0a21e6bd10f9aa
  languageName: node
  linkType: hard

"react-dom@npm:^19.0.0":
  version: 19.0.0
  resolution: "react-dom@npm:19.0.0"
  dependencies:
    scheduler: "npm:^0.25.0"
  peerDependencies:
    react: ^19.0.0
  checksum: 10c0/a36ce7ab507b237ae2759c984cdaad4af4096d8199fb65b3815c16825e5cfeb7293da790a3fc2184b52bfba7ba3ff31c058c01947aff6fd1a3701632aabaa6a9
  languageName: node
  linkType: hard

"react-redux@npm:^9.2.0":
  version: 9.2.0
  resolution: "react-redux@npm:9.2.0"
  dependencies:
    "@types/use-sync-external-store": "npm:^0.0.6"
    use-sync-external-store: "npm:^1.4.0"
  peerDependencies:
    "@types/react": ^18.2.25 || ^19
    react: ^18.0 || ^19
    redux: ^5.0.0
  peerDependenciesMeta:
    "@types/react":
      optional: true
    redux:
      optional: true
  checksum: 10c0/00d485f9d9219ca1507b4d30dde5f6ff8fb68ba642458f742e0ec83af052f89e65cd668249b99299e1053cc6ad3d2d8ac6cb89e2f70d2ac5585ae0d7fa0ef259
  languageName: node
  linkType: hard

"react@npm:^19.0.0":
  version: 19.0.0
  resolution: "react@npm:19.0.0"
  checksum: 10c0/9cad8f103e8e3a16d15cb18a0d8115d8bd9f9e1ce3420310aea381eb42aa0a4f812cf047bb5441349257a05fba8a291515691e3cb51267279b2d2c3253f38471
  languageName: node
  linkType: hard

"redux-thunk@npm:^3.1.0":
  version: 3.1.0
  resolution: "redux-thunk@npm:3.1.0"
  peerDependencies:
    redux: ^5.0.0
  checksum: 10c0/21557f6a30e1b2e3e470933247e51749be7f1d5a9620069a3125778675ce4d178d84bdee3e2a0903427a5c429e3aeec6d4df57897faf93eb83455bc1ef7b66fd
  languageName: node
  linkType: hard

"redux@npm:^5.0.1":
  version: 5.0.1
  resolution: "redux@npm:5.0.1"
  checksum: 10c0/b10c28357194f38e7d53b760ed5e64faa317cc63de1fb95bc5d9e127fab956392344368c357b8e7a9bedb0c35b111e7efa522210cfdc3b3c75e5074718e9069c
  languageName: node
  linkType: hard

"regenerator-runtime@npm:^0.14.0":
  version: 0.14.1
  resolution: "regenerator-runtime@npm:0.14.1"
  checksum: 10c0/1b16eb2c4bceb1665c89de70dcb64126a22bc8eb958feef3cd68fe11ac6d2a4899b5cd1b80b0774c7c03591dc57d16631a7f69d2daa2ec98100e2f29f7ec4cc4
  languageName: node
  linkType: hard

"requires-port@npm:^1.0.0":
  version: 1.0.0
  resolution: "requires-port@npm:1.0.0"
  checksum: 10c0/b2bfdd09db16c082c4326e573a82c0771daaf7b53b9ce8ad60ea46aa6e30aaf475fe9b164800b89f93b748d2c234d8abff945d2551ba47bf5698e04cd7713267
  languageName: node
  linkType: hard

"reselect@npm:^5.1.0":
  version: 5.1.1
  resolution: "reselect@npm:5.1.1"
  checksum: 10c0/219c30da122980f61853db3aebd173524a2accd4b3baec770e3d51941426c87648a125ca08d8c57daa6b8b086f2fdd2703cb035dd6231db98cdbe1176a71f489
  languageName: node
  linkType: hard

"scheduler@npm:^0.25.0":
  version: 0.25.0
  resolution: "scheduler@npm:0.25.0"
  checksum: 10c0/a4bb1da406b613ce72c1299db43759526058fdcc413999c3c3e0db8956df7633acf395cb20eb2303b6a65d658d66b6585d344460abaee8080b4aa931f10eaafe
  languageName: node
  linkType: hard

"undici-types@npm:~6.20.0":
  version: 6.20.0
  resolution: "undici-types@npm:6.20.0"
  checksum: 10c0/68e659a98898d6a836a9a59e6adf14a5d799707f5ea629433e025ac90d239f75e408e2e5ff086afc3cace26f8b26ee52155293564593fbb4a2f666af57fc59bf
  languageName: node
  linkType: hard

"url-parse@npm:^1.5.1":
  version: 1.5.10
  resolution: "url-parse@npm:1.5.10"
  dependencies:
    querystringify: "npm:^2.1.1"
    requires-port: "npm:^1.0.0"
  checksum: 10c0/bd5aa9389f896974beb851c112f63b466505a04b4807cea2e5a3b7092f6fbb75316f0491ea84e44f66fed55f1b440df5195d7e3a8203f64fcefa19d182f5be87
  languageName: node
  linkType: hard

"use-sync-external-store@npm:^1.4.0":
  version: 1.4.0
  resolution: "use-sync-external-store@npm:1.4.0"
  peerDependencies:
    react: ^16.8.0 || ^17.0.0 || ^18.0.0 || ^19.0.0
  checksum: 10c0/ec011a5055962c0f6b509d6e78c0b143f8cd069890ae370528753053c55e3b360d3648e76cfaa854faa7a59eb08d6c5fb1015e60ffde9046d32f5b2a295acea5
  languageName: node
  linkType: hard
